00.1.01	Meaning of 熱絶縁施工
00.1.02	Meaning of 保温工事 vs 保冷工事
00.1.03	Where insulation appears in buildings, plants, utilities and equipment
00.1.04	What an insulation worker does—and does not do
00.2.01	Typical work sequence on a Japanese site
00.2.02	Who the insulation worker interacts with
00.2.03	Typical work areas: ceiling, shaft, plant room, rooftop, mechanical room, pipe rack
00.2.04	Typical constraints: access, other trades, heat, height, confined areas
00.3.01	Observer/helper
00.3.02	Basic worker
00.3.03	Independent worker
00.3.04	Skilled worker
00.3.05	Senior/lead worker
00.3.06	Trainer/mentor mindset
00.4.01	Shared theory sessions
00.4.02	Individual hand-skill drills
00.4.03	Pair checking and peer teaching
00.4.04	Daily vocabulary review
00.4.05	Weekly practical assessment
00.4.06	Mistake log and photo log
01.1.01	General construction workflow
01.1.02	Mechanical/equipment trades overview
01.1.03	Relationship between piping, HVAC, electrical, fire protection and insulation
01.1.04	Subcontractor and site organization basics
01.2.01	Restricted areas
01.2.02	Material staging
01.2.03	Access routes
01.2.04	Tool and waste zones
01.2.05	Housekeeping expectations
01.3.01	Mobilization
01.3.02	Preparation
01.3.03	Installation
01.3.04	Inspection
01.3.05	Correction
01.3.06	Completion and handover
01.4.01	Why occupied-building work is different from a construction site
01.4.02	Hospitals: noise, dust, infection control, restricted hours
01.4.03	Schools: holiday-period work and term-time restrictions
01.4.04	Offices and commercial buildings: tenants, out-of-hours work
01.4.05	Access routes, lifts and protecting finished surfaces
01.4.06	Leaving a space usable at the end of each day
01.5.01	What a ceiling void contains and how services are arranged in it
01.5.02	Getting in and out safely
01.5.03	Working on your back and in restricted postures
01.5.04	Lighting and seeing what you are doing
01.5.05	Ceiling tiles and grid: damage you will be charged for
01.5.06	When a space counts as confined and the rules change
01.6.01	Who else is in a services zone and what they are doing
01.6.02	Sequence: who insulates before and after whom
01.6.03	Damage caused to your work by trades following you
01.6.04	Damage you can cause to ductwork, cabling and sprinkler pipe
01.6.05	Raising a clash rather than working around it
01.7.01	A two or three person crew versus a large site gang
01.7.02	Loading out for the day: getting materials to the job
01.7.03	Day trips across a region and what that means for planning
01.7.04	Working without a supervisor standing next to you
01.7.05	Handover when you are not the crew returning tomorrow
01.8.01	How a building goes up and where insulation falls in the sequence
01.8.02	Following the mechanical and electrical install
01.8.03	Working before ceilings, walls and floors are closed
01.8.04	Temporary power, lighting and access on an unfinished building
01.8.05	Phasing: floor by floor and zone by zone
01.8.06	Weather protection before the building is watertight
01.9.01	What snagging is and why insulation gets snagged
01.9.02	Inspection before a ceiling is closed
01.9.03	Photographing work that will be hidden
01.9.04	Defects found after handover and who pays
01.9.05	Returning to a finished building to fix something
02.1.01	Temperature
02.1.02	Heat
02.1.03	Thermal equilibrium
02.1.04	Sensible heat
02.1.05	Phase change basics
02.2.01	Conduction
02.2.02	Convection
02.2.03	Radiation
02.2.04	How they interact on real piping/equipment
02.3.01	Why insulation reduces heat flow
02.3.02	Effect of thickness
02.3.03	Effect of material conductivity
02.3.04	Series/parallel thermal resistance concept
02.4.01	Why hot systems lose heat
02.4.02	Why cold systems gain heat
02.4.03	Surface temperature concepts
02.4.04	Condensation risk
02.5.01	Dew point
02.5.02	Surface temperature vs dew point
02.5.03	Moisture migration
02.5.04	Why vapor sealing matters
02.6.01	Where heat will escape
02.6.02	Where cold will enter
02.6.03	Thermal bridges
02.6.04	Common field mistakes that defeat insulation
03.1.01	mm, cm, m
03.1.02	℃ and K
03.1.03	W, kW
03.1.04	W/m·K
03.1.05	Pa and kPa
03.1.06	kg and g
03.2.01	Circumference
03.2.02	Diameter/radius
03.2.03	Area
03.2.04	Arc length
03.2.05	Angles
03.2.06	Right triangles
03.3.01	Outer circumference
03.3.02	Diameter-to-circumference conversion
03.3.03	Allowance and cutting dimensions
03.3.04	Joint overlaps
03.4.01	Area of insulation
03.4.02	Volume estimates
03.4.03	Number of sections
03.4.04	Material loss/waste allowances
03.5.01	Nominal dimension vs actual dimension
03.5.02	Reading manufacturer dimensions
03.5.03	Allowances
03.5.04	Fit-up checks
04.1.01	Plans
04.1.02	Sections
04.1.03	Elevations
04.1.04	Isometric drawings
04.1.05	Orthographic projection basics
04.1.06	Details
04.1.07	Symbols
04.1.08	Dimensions
04.2.01	Pipe routing
04.2.02	Equipment tags
04.2.03	Valve symbols
04.2.04	Flange locations
04.2.05	Supports
04.2.06	Penetrations
04.3.01	Insulation thickness
04.3.02	Material type
04.3.03	Finish/jacketing
04.3.04	Vapor barrier requirements
04.3.05	Special notes
04.4.01	施工仕様書
04.4.02	Material specifications
04.4.03	Installation sequence requirements
04.4.04	Inspection criteria
04.5.01	Drawing revisions
04.5.02	Site instructions
04.5.03	RFI/clarification concept
04.5.04	Never guessing from outdated drawings
05.1.01	Tape measure
05.1.02	Steel rule
05.1.03	Calipers/basic gauges
05.1.04	Squares
05.1.05	Levels
05.1.06	Templates
05.2.01	Reference lines
05.2.02	Centerline
05.2.03	Outside diameter
05.2.04	Inside dimension
05.2.05	Elevation
05.3.01	Pencil/marker selection
05.3.02	Reference marks
05.3.03	Cut lines
05.3.04	Orientation marks
05.3.05	Part identification
05.4.01	Measure twice/cut once
05.4.02	Cross-checking
05.4.03	Using templates
05.4.04	Checking fit before final fastening
05.5.01	Pipe-to-pipe spacing
05.5.02	Clearances around valves
05.5.03	Access requirements
05.5.04	Maintaining clean lines
06.1.01	Mineral wool/rock wool
06.1.02	Glass wool
06.1.03	Calcium silicate
06.1.04	Cellular glass
06.1.05	Flexible elastomeric materials
06.1.06	Foam-based materials
06.1.07	Board vs pipe section vs blanket/ felt forms
06.1.08	Perlite and cellular materials
06.2.01	Thermal conductivity
06.2.02	Temperature resistance
06.2.03	Moisture resistance
06.2.04	Compressive strength
06.2.05	Water absorption
06.2.06	Dimensional stability
06.3.01	Vapor barrier films
06.3.02	Mastics
06.3.03	Sealants
06.3.04	Tapes
06.3.05	Adhesives
06.3.06	Membranes
06.4.01	Metal jacketing
06.4.02	Aluminum/stainless-style coverings
06.4.03	PVC/other protective coverings
06.4.04	Bands/straps
06.4.05	Clips/fasteners
06.5.01	Wire
06.5.02	Pins
06.5.03	Washers
06.5.04	Banding
06.5.05	Rivets/screws
06.5.06	Spacers
06.5.07	Support inserts
06.5.08	Sealants
06.5.09	Adhesives
06.6.01	Product labels
06.6.02	Thickness
06.6.03	Density/grade
06.6.04	Temperature range
06.6.05	Manufacturer instructions
06.6.06	Storage limits
06.7.01	Receiving
06.7.02	Inspection
06.7.03	Storage
06.7.04	Protection from water
06.7.05	Protection from damage
06.7.06	Cutting and waste control
07.1.01	Knives
07.1.02	Scissors
07.1.03	Snips
07.1.04	Hammers
07.1.05	Pliers
07.1.06	Screwdrivers
07.1.07	Wrenches
07.1.08	Hand shears
07.2.01	Insulation knives
07.2.02	Banding tools
07.2.03	Sheet-metal hand tools
07.2.04	Crimping tools
07.2.05	Seam tools
07.2.06	Trowels
07.3.01	Drill/driver
07.3.02	Cutting tools
07.3.03	Portable grinders where authorized
07.3.04	Heat tools where authorized
07.3.05	Battery-tool handling
07.4.01	Tape
07.4.02	Level
07.4.03	Thermometer where applicable
07.4.04	Thickness gauges
07.4.05	Visual inspection aids
07.5.01	Guards
07.5.02	Blades
07.5.03	Pinch points
07.5.04	Electrical safety
07.5.05	Battery charging
07.5.06	Pre-use inspection
07.6.01	Cleaning
07.6.02	Blade replacement
07.6.03	Lubrication where required
07.6.04	Storage
07.6.05	Defect tagging
08.1.01	Helmet
08.1.02	Safety shoes
08.1.03	Gloves
08.1.04	Eye protection
08.1.05	Hearing protection
08.1.06	Respiratory protection as required
08.1.07	Protective clothing
08.2.01	Sharp metal
08.2.02	Fibrous insulation
08.2.03	Dust
08.2.04	Hot surfaces
08.2.05	Cold surfaces
08.2.06	Rotating tools
08.2.07	Falling objects
08.2.08	Working at height
08.3.01	Adhesives
08.3.02	Sealants
08.3.03	Mastics
08.3.04	Solvents if used
08.3.05	SDS awareness
08.3.06	Ventilation
08.4.01	Heat stress
08.4.02	Burn hazards
08.4.03	Fire prevention and hot-work safety
08.4.04	Cold surfaces
08.4.05	Frostbite/contact injury risks
08.5.01	Stop work
08.5.02	Report immediately
08.5.03	First response principles
08.5.04	Evacuation and muster procedures
08.6.01	Sort
08.6.02	Set in order
08.6.03	Shine
08.6.04	Standardize
08.6.05	Sustain
08.6.06	Waste segregation
08.6.07	Slip/trip prevention
09.1.01	Selection
09.1.02	Inspection
09.1.03	Three-point contact
09.1.04	Positioning
09.2.01	Access rules
09.2.02	Deck condition
09.2.03	Guardrails
09.2.04	Tool management
09.3.01	Manual handling
09.3.02	Team lifting
09.3.03	Hoists/lifting aids
09.3.04	Load awareness
09.3.05	Rigging/lifting equipment identification
09.4.01	Falling-object prevention
09.4.02	Exclusion zones
09.4.03	Tool tethering where required
09.5.01	Entry control
09.5.02	Ventilation
09.5.03	Communication
09.5.04	Escape considerations
10.1.01	Surface cleanliness
10.1.02	Dryness
10.1.03	Temperature/condition
10.1.04	Corrosion/paint status
10.1.05	Existing damage
10.2.01	Pressure-test status awareness
10.2.02	Leak check awareness
10.2.03	Coating completion awareness
10.2.04	Required curing/drying
10.3.01	Support locations
10.3.02	Clearances
10.3.03	Insulation inserts
10.3.04	Attachment points
10.4.01	Walls
10.4.02	Floors
10.4.03	Ceilings
10.4.04	Equipment connections
10.4.05	Other trade interfaces
11.1.01	Pipe size
11.1.02	Service identification
11.1.03	Hot/cold classification
11.1.04	Insulation thickness requirement
11.2.01	Measure
11.2.02	Mark
11.2.03	Cut
11.2.04	Check
11.2.05	Repeatability
11.3.01	Fit-up
11.3.02	Joint alignment
11.3.03	Joint staggering
11.3.04	Fastening/support
11.4.01	Wrapping
11.4.02	Overlap
11.4.03	Tension
11.4.04	Fastening
11.5.01	Longitudinal seam
11.5.02	Circumferential joint
11.5.03	Overlap
11.5.04	Gaps and compression
11.6.01	Consistent thickness
11.6.02	Straightness
11.6.03	Clean joints
11.6.04	No exposed substrate
12.1.01	Geometry change
12.1.02	Movement/access
12.1.03	Multiple planes
12.1.04	Greater heat-loss area
12.2.01	90° elbows
12.2.02	45° elbows
12.2.03	Segmented construction
12.2.04	Template concept
12.3.01	Branch geometry
12.3.02	Three-way intersections
12.3.03	Cutting patterns
12.4.01	Concentric
12.4.02	Eccentric
12.4.03	Tapered transitions
12.4.04	Small-bore piping considerations
12.4.05	Unequal-size fittings
12.5.01	Removable sections
12.5.02	Joint treatment
12.5.03	Bolting access
12.5.04	Cover finishing
12.6.01	Valve body
12.6.02	Bonnet
12.6.03	Stem
12.6.04	Removable insulation concepts
12.6.05	Access/maintenance clearance
12.7.01	Y-strainers
12.7.02	Filters
12.7.03	Steam traps where applicable
12.7.04	Special removable covers
12.8.01	Symmetry
12.8.02	No hard gaps
12.8.03	Secure installation
12.8.04	Maintainability
13.1.01	Tanks
13.1.02	Vessels
13.1.03	Heat exchangers
13.1.04	Pumps
13.1.05	Boilers
13.1.06	Compressors
13.1.07	Headers and manifolds
13.1.08	Air-handling/mechanical equipment
13.1.09	Duct/equipment housings as specified
13.1.10	Vertical vs horizontal orientation considerations
13.2.01	Board layout
13.2.02	Blanket layout
13.2.03	Circumferential bands
13.2.04	Seams
13.3.01	Necks
13.3.02	Flanges
13.3.03	Instrumentation
13.3.04	Access points
13.4.01	Inspection covers
13.4.02	Valve/equipment access
13.4.03	Maintenance panels
13.5.01	Support details
13.5.02	Thermal bridges
13.5.03	Interface with structure
14.1.01	Energy conservation
14.1.02	Personnel protection
14.1.03	Process temperature maintenance
14.1.04	Preventing heat loss
14.2.01	Substrate
14.2.02	Insulation layer
14.2.03	Auxiliary layer
14.2.04	Outer finish
14.3.01	Straight pipes
14.3.02	Fittings
14.3.03	Valves
14.3.04	Equipment
14.3.05	Flanges
14.3.06	Supports
14.4.01	Material temperature limits
14.4.02	Hot surface handling
14.4.03	Expansion considerations
14.5.01	Insufficient thickness
14.5.02	Gaps
14.5.03	Compression
14.5.04	Loose fastening
14.5.05	Open seams
14.5.06	Poor finish
15.1.01	Prevent heat gain
15.1.02	Maintain low temperature
15.1.03	Prevent condensation
15.1.04	Protect process conditions
15.1.05	Chilled-water service specifics
15.1.06	Refrigeration/low-temperature service specifics
15.2.01	Insulation
15.2.02	Vapor barrier
15.2.03	Sealed joints
15.2.04	Outer protection
15.3.01	Surface temperature
15.3.02	Ambient humidity
15.3.03	Condensation threshold
15.3.04	Critical cold spots
15.4.01	Continuous sealing
15.4.02	Penetrations
15.4.03	Ends
15.4.04	Flanges
15.4.05	Valves
15.5.01	Vapor-barrier breaks
15.5.02	Wet insulation
15.5.03	Unsealed joints
15.5.04	Thermal bridges
15.5.05	Condensation
16.1.01	Stop vapor migration
16.1.02	Keep insulation dry
16.1.03	Maintain thermal performance
16.2.01	Membranes
16.2.02	Films
16.2.03	Mastics
16.2.04	Tapes
16.2.05	Sealants
16.3.01	Surface preparation
16.3.02	Overlap
16.3.03	Sealing
16.3.04	Curing/drying
16.4.01	Ends
16.4.02	Fittings
16.4.03	Valves
16.4.04	Supports
16.4.05	Penetrations
16.4.06	Joints
16.5.01	Continuity
16.5.02	Adhesion
16.5.03	Pinholes
16.5.04	Tears
16.5.05	Open seams
16.5.06	Water-path risks
17.1.01	Mechanical protection
17.1.02	Weather protection
17.1.03	Aesthetic finish
17.1.04	Moisture protection
17.2.01	Sheet direction
17.2.02	Edges
17.2.03	Seams
17.2.04	Lock seams
17.2.05	Lap joints
17.2.06	Overlap
17.2.07	Fastening
17.3.01	Straight sections
17.3.02	Circumferential seams
17.3.03	Longitudinal seams
17.3.04	End caps
17.4.01	Elbows
17.4.02	Tees
17.4.03	Reducers
17.4.04	Valves
17.4.05	Flanges
17.5.01	Large curved surfaces
17.5.02	Flat panels
17.5.03	Nozzle areas
17.5.04	Removable panels
17.6.01	Drainage direction
17.6.02	Avoiding water traps
17.6.03	Sealant placement
17.6.04	Outdoor finish
18.1.01	Taking measurements
18.1.02	Pattern transfer
18.1.03	Cardboard/template material
18.1.04	Symmetry checks
18.2.01	Elbow segmentation
18.2.02	Cones/reducers
18.2.03	Offsets
18.2.04	Branches
18.3.01	Multi-plane fittings
18.3.02	Rotation
18.3.03	Reference lines
18.4.01	Measure
18.4.02	Template
18.4.03	Transfer
18.4.04	Cut
18.4.05	Form
18.4.06	Dry fit
18.4.07	Final fit
18.5.01	Repeatable dimensions
18.5.02	Clean edges
18.5.03	No forcing
18.5.04	Minimal rework
19.1.01	Hangers
19.1.02	Clamps
19.1.03	Guides
19.1.04	Structural interfaces
19.1.05	Anchor points
19.1.06	Sliding supports
19.1.07	Trapeze supports
19.1.08	Insulation inserts
19.2.01	Metal contact paths
19.2.02	Support interruptions
19.2.03	Local heat transfer
19.3.01	Thermal expansion awareness
19.3.02	Movement allowances
19.3.03	Flexible interfaces
19.4.01	Walls
19.4.02	Floors
19.4.03	Sleeves
19.4.04	Fire/smoke interface awareness
19.5.01	配管 (piping) work
19.5.02	HVAC / 空調 work
19.5.03	板金・ダクト (sheet-metal / duct) work
19.5.04	溶接・火気使用作業 (welding / hot-work) awareness
19.5.05	塗装・コーティング (painting / coating) interfaces
19.5.06	シーリング (sealing) work
19.5.07	電気・計装 (electrical / instrumentation) interfaces
19.5.08	消防 (fire protection) interfaces
19.5.09	建築・構造 (architecture / structural) interfaces
19.5.10	足場 (scaffold) coordination
19.5.11	試運転 (testing / commissioning) interfaces
20.1.01	Specification compliance
20.1.02	Workmanship
20.1.03	Traceability
20.1.04	Acceptance criteria
20.2.01	Substrate
20.2.02	Insulation thickness
20.2.03	Joint quality
20.2.04	Fastening
20.2.05	Sealing
20.3.01	Appearance
20.3.02	Coverage
20.3.03	Access
20.3.04	Labels/identification
20.3.05	Weatherproofing
20.4.01	Gap
20.4.02	Compression
20.4.03	Loose joint
20.4.04	Open seam
20.4.05	Damaged vapor barrier
20.4.06	Poor jacketing
20.4.07	Wrong thickness
20.4.08	Corrosion under insulation (CUI)
20.5.01	Identify cause
20.5.02	Remove/repair
20.5.03	Reinspect
20.5.04	Record
20.6.01	Check your own work
20.6.02	Peer check
20.6.03	Supervisor check
20.6.04	Photo evidence
21.1.01	Understand drawing
21.1.02	Gather material
21.1.03	Gather tools
21.1.04	Confirm access
21.1.05	Confirm sequence
21.1.06	Manpower/crew-size planning
21.1.07	Site survey and work-permit/area coordination
21.2.01	Straight runs first
21.2.02	Fittings
21.2.03	Valves
21.2.04	Finishing
21.2.05	Inspection
21.3.01	Batch cutting
21.3.02	Template reuse
21.3.03	Waste minimization
21.4.01	Standard motions
21.4.02	Tool placement
21.4.03	Material staging
21.4.04	Clean-as-you-go
21.5.01	Why mistakes happen
21.5.02	Wrong measurement
21.5.03	Wrong material
21.5.04	Wrong sequence
21.5.05	Poor communication
22.1.01	Quantity
22.1.02	Damage
22.1.03	Specification match
22.1.04	Storage condition
22.2.01	Dry storage
22.2.02	Stacking
22.2.03	Protection
22.2.04	Identification
22.3.01	Manual handling
22.3.02	Cart/trolley
22.3.03	Hoist
22.3.04	Route planning
22.4.01	Daily issue/return
22.4.02	Consumption tracking
22.4.03	Minimum stock
22.5.01	Offcuts
22.5.02	Packaging
22.5.03	Metal waste
22.5.04	Contaminated waste as applicable
23.1.01	保温
23.1.02	保冷
23.1.03	熱絶縁
23.1.04	断熱
23.1.05	保温材
23.1.06	外装
23.1.07	防湿材
23.1.08	補助材
23.2.01	配管
23.2.02	エルボ
23.2.03	ティー
23.2.04	レジューサー
23.2.05	フランジ
23.2.06	バルブ
23.2.07	ストレーナー
23.3.01	工具
23.3.02	手工具
23.3.03	電動工具
23.3.04	切断機
23.3.05	計測器
23.4.01	施工
23.4.02	取付け
23.4.03	切断
23.4.04	加工
23.4.05	充てん
23.4.06	仕上げ
23.4.07	仕上がり
23.4.08	養生
23.4.09	墨出し
23.4.10	検査
23.4.11	手直し
23.5.01	長さ
23.5.02	幅
23.5.03	厚さ
23.5.04	外径
23.5.05	内径
23.5.06	寸法
23.5.07	中心線
23.6.01	材質
23.6.02	規格
23.6.03	密度
23.6.04	厚さ
23.6.05	仕様
23.6.06	施工要領
23.7.01	危険
23.7.02	注意
23.7.03	立入禁止
23.7.04	保護具
23.7.05	火気
23.7.06	高所
23.7.07	酸欠
23.8.01	指示を受ける
23.8.02	確認する
23.8.03	報告する
23.8.04	復唱する
23.8.05	聞き返す
23.8.06	異常を伝える
24.1.01	Listen
24.1.02	Repeat key points
24.1.03	Confirm dimensions/material
24.1.04	Execute
24.1.05	Report completion
24.2.01	What is unclear
24.2.02	What must be confirmed
24.2.03	How to ask without guessing
24.3.01	Start
24.3.02	Mid-task
24.3.03	Completion
24.3.04	Handover phrases
24.3.05	Problems
24.4.01	What happened
24.4.02	Where
24.4.03	How much
24.4.04	Immediate risk
24.4.05	Proposed next action
24.5.01	Basic 丁寧語
24.5.02	Supervisor communication
24.5.03	Peer communication
24.5.04	Safety call-outs
24.6.01	Greetings and reporting
24.6.02	Permission before entering work zones
24.6.03	Pointing and confirmation
24.6.04	Following supervisor instructions
24.6.05	Stop-and-check behavior
25.1.01	Identify tools
25.1.02	Safe gripping
25.1.03	Knife basics
25.1.04	Straight cuts
25.1.05	Basic measurement
25.10.01	Demonstrate
25.10.02	Explain why
25.10.03	Observe
25.10.04	Correct
25.10.05	Verify
25.11.01	1st-pass quality (getting it right without rework)
25.11.02	Measurement discipline under time pressure
25.11.03	Cutting accuracy at speed
25.11.04	Controlled speed without sacrificing quality
25.11.05	Standardized personal work method
25.11.06	Error-proofing your own process
25.11.07	Workstation organization
25.11.08	Material-use optimization
25.11.09	Rework-rate reduction over time
25.11.10	Personal quality standard beyond minimum passing
25.2.01	Straight pipe section
25.2.02	Simple board/blanket
25.2.03	Basic fastening
25.3.01	Multiple identical sections
25.3.02	Consistent dimensions
25.3.03	Speed + accuracy
25.4.01	Elbow
25.4.02	Tee
25.4.03	Reducer
25.4.04	Flange
25.5.01	Valve body
25.5.02	Removable section
25.5.03	Equipment panel
25.6.01	Vapor barrier
25.6.02	Sealing
25.6.03	Condensation-critical details
25.7.01	Straight sheet
25.7.02	Fittings
25.7.03	Weatherproof details
25.8.01	Read drawing → plan → fabricate → install → inspect
25.9.01	Work with minimal supervision
25.9.02	Recognize deviations
25.9.03	Report issues
26.1.01	Measurement
26.1.02	Cutting
26.1.03	Installation
26.1.04	Inspection
26.2.01	Template
26.2.02	Segment cutting
26.2.03	Assembly
26.2.04	Finish
26.3.01	Three-way geometry
26.3.02	Joint control
26.3.03	Finish
26.4.01	Removable concept
26.4.02	Maintenance access
26.4.03	Finish
26.5.01	Joint layout
26.5.02	Cover
26.5.03	Seam treatment
26.6.01	Insulation
26.6.02	Vapor barrier
26.6.03	Seal continuity
26.7.01	Large surface
26.7.02	Nozzles
26.7.03	Panels
26.8.01	Drawing interpretation
26.8.02	Material list
26.8.03	Fabrication
26.8.04	Installation
26.8.05	QC
27.1.01	Uneven lines
27.1.02	Open gaps
27.1.03	Loose sections
27.1.04	Poor seams
27.2.01	Hot spots
27.2.02	Cold spots
27.2.03	Thermal bridges
27.2.04	Insufficient thickness
27.3.01	Condensation
27.3.02	Wet insulation
27.3.03	Vapor barrier failure
27.3.04	Water ingress
27.4.01	Loose jacketing
27.4.02	Fastener failure
27.4.03	Impact damage
27.4.04	Movement damage
27.5.01	Material
27.5.02	Method
27.5.03	Measurement
27.5.04	Sequence
27.5.05	Coordination
27.5.06	Environment
27.6.01	Safe isolation
27.6.02	Remove affected section
27.6.03	Repair
27.6.04	Reseal
27.6.05	Reinspect
28.1.01	Required thermal performance
28.1.02	Thickness selection concept
28.1.03	Temperature limits
28.2.01	Dew-point analysis concept
28.2.02	Vapor diffusion
28.2.03	Critical details
28.3.01	Supports
28.3.02	Penetrations
28.3.03	Valves
28.3.04	Fittings
28.4.01	When other requirements interact with insulation
28.4.02	Do not substitute systems without specification
28.5.01	Heat-loss reduction
28.5.02	Operating-cost concept
28.5.03	Condensation prevention
29.1.01	Pipe lengths
29.1.02	Fitting counts
29.1.03	Equipment sizes
29.2.01	Surface area
29.2.02	Thickness
29.2.03	Accessory materials
29.3.01	Surface area
29.3.02	Seam allowance
29.3.03	Overlap
29.4.01	Cutting loss
29.4.02	Damage
29.4.03	Contingency
29.5.01	Material cost
29.5.02	Labor time
29.5.03	Rework cost
29.5.04	Productivity
30.1.01	Work completed
30.1.02	Location
30.1.03	Issues
30.1.04	Material usage
30.2.01	Check item
30.2.02	Result
30.2.03	Correction
30.2.04	Recheck
30.3.01	Before
30.3.02	During
30.3.03	After
30.3.04	Defect/correction
30.4.01	Product identification
30.4.02	Batch/lot where required
30.4.03	Specification confirmation
30.5.01	Completion status
30.5.02	Outstanding items
30.5.03	Access/maintenance notes
31.1.01	熱絶縁施工
31.1.02	保温保冷工事作業
31.1.03	学科試験
31.1.04	実技試験
31.2.01	熱絶縁一般（熱の性質・熱絶縁の基礎知識）
31.2.02	保温保冷施工法
31.2.03	器工具・機械
31.2.04	保温保冷用材料
31.2.05	施工設備
31.2.06	対象設備・配管の種類
31.2.07	関連工事
31.2.08	欠陥と原因
31.2.09	施工計画
31.2.10	安全衛生（労働安全衛生法の関係部分を含む）
31.2.11	関係法規（建築基準法・消防法・廃棄物処理法・オゾン層保護法・地球温暖化対策推進法・建設リサイクル法の関係部分）
31.2.12	図示法・材料記号
31.3.01	作業手順・段取り（1級で独立採点項目）
31.3.02	墨出し・寸法取り
31.3.03	材料の複雑な取付け及び充てん
31.3.04	補助材の取付け及びこてぬり
31.3.05	防湿材の取付け
31.3.06	外装仕上げ／板金仕上げ
31.3.07	寸法精度
31.3.08	仕様誤り防止
31.3.09	作業態度
31.3.10	作業時間管理
31.3.11	完成品検査
31.4.01	Tool recognition
31.4.02	Material recognition
31.4.03	Simple installation skills
31.4.04	Safety knowledge
31.5.01	Complex installations
31.5.02	Detailed fittings
31.5.03	Specification-based execution
31.5.04	Accuracy under time constraints
31.6.01	Timed written tests
31.6.02	Timed practical tests
31.6.03	Scoring rubric
31.6.04	Error classification
31.6.05	Repeat drills
32.1.01	Can observe
32.1.02	Can assist
32.1.03	Can execute with supervision
32.1.04	Can execute independently
32.1.05	Can inspect
32.2.01	Drawing comprehension
32.2.02	Material selection
32.2.03	Safe tool use
32.2.04	Correct installation
32.2.05	Self-inspection
32.2.06	Reporting
32.3.01	Work photos
32.3.02	Completed mock projects
32.3.03	Vocabulary mastery
32.3.04	Mistake log
32.3.05	Supervisor feedback
32.4.01	Theory score
32.4.02	Practical score
32.4.03	Safety score
32.4.04	Japanese communication score
32.4.05	Consistency
33.1.01	Break work into tasks
33.1.02	Assign based on skill level
33.1.03	Set sequence
33.2.01	Define standard
33.2.02	Peer-check
33.2.03	Prevent repeat defects
33.2.04	Drawing review
33.3.01	Demonstrate
33.3.02	Explain
33.3.03	Supervise
33.3.04	Correct
33.3.05	Sign off
33.4.01	Other trades
33.4.02	Supervisor
33.4.03	Material logistics
33.4.04	Inspection
33.5.01	Plan daily output
33.5.02	Minimize waiting
33.5.03	Minimize rework
34.1.01	Theory
34.1.02	Vocabulary
34.1.03	Safety
34.1.04	Drawing reading
34.2.01	Worker
34.2.02	Checker
34.2.03	Material controller
34.2.04	Observer/photographer
34.3.01	Explain task
34.3.02	Demonstrate
34.3.03	Have partner repeat
34.3.04	Correct
34.3.05	Recheck
34.4.01	Individual task
34.4.02	Blind measurement
34.4.03	Error spotting
34.4.04	Japanese reporting
34.5.01	Theory test
34.5.02	Practical project
34.5.03	Vocabulary test
34.5.04	Safety scenario
34.5.05	Reflection
34.6.01	Photo
34.6.02	What happened
34.6.03	Why
34.6.04	Correct method
34.6.05	Prevention rule
35.1.01	Receive drawing/specification
35.1.02	Identify system type
35.1.03	Prepare tools/materials
35.1.04	Plan sequence
35.2.01	Measure
35.2.02	Fabricate
35.2.03	Install
35.2.04	Seal
35.2.05	Finish
35.3.01	Self-inspection
35.3.02	Peer inspection
35.3.03	Defect correction
35.3.04	Final inspection
35.4.01	Japanese progress report
35.4.02	Problem escalation
35.4.03	Completion report
35.5.01	Safety
35.5.02	Accuracy
35.5.03	Appearance
35.5.04	Thermal/moisture logic
35.5.05	Productivity
35.5.06	Communication
35.5.07	Ability to teach
36.1.01	厚生労働省「熱絶縁施工技能検定試験の試験科目及びその範囲並びにその細目」
36.1.02	JAVADA（中央職業能力開発協会）実技試験過去問アーカイブ
36.1.03	厚生労働省 技能実習評価試験基準（熱絶縁施工職種／保温保冷工事作業）
36.1.04	JIS A9501（保温保冷工事施工標準）ほか関連JIS規格
36.1.05	Relevant manufacturer installation instructions
36.2.01	Product data sheets
36.2.02	Installation manuals
36.2.03	Temperature limits
36.2.04	Approved accessories
36.3.01	施工仕様書
36.3.02	施工図
36.3.03	作業手順書
36.3.04	安全書類
36.4.01	New materials
36.4.02	New tools
36.4.03	New site methods
36.4.04	Lessons learned
37.1.01	What air ducts do in a building
37.1.02	Rectangular, round and spiral duct
37.1.03	Sheet metal gauges and why they vary
37.1.04	Flange systems and joint types you will meet
37.1.05	Stiffeners, cross-breaking and why duct faces are not flat
37.1.06	Reading duct sizes on a drawing
37.2.01	Thermal loss and gain in supply and return air
37.2.02	Condensation on cold duct surfaces
37.2.03	Acoustic treatment and where it differs from thermal
37.2.04	Fire-rated duct enclosure as a separate scope
37.2.05	Which ducts get insulated and which do not
37.3.01	Glass wool duct blanket
37.3.02	Rigid duct board
37.3.03	Faced versus unfaced material
37.3.04	Internal duct liner and where it is used instead
37.3.05	Phenolic and other rigid boards
37.3.06	Choosing thickness from a specification
37.4.01	Adhesive: types, coverage and cure
37.4.02	Stick pins and speed washers
37.4.03	Weld pins and pin welding tools
37.4.04	Banding and wire on ducts
37.4.05	Spacing rules and why they exist
37.4.06	Fixings on the underside of a duct
37.5.01	Measuring and cutting duct blanket
37.5.02	Wrapping sequence around a rectangular duct
37.5.03	Corners: keeping thickness and avoiding compression
37.5.04	Longitudinal and circumferential joints
37.5.05	Working around stiffeners and flanges
37.5.06	Duct hangers and supports: insulating around them
37.6.01	Wrapping round duct
37.6.02	Overlap and pull on a curved surface
37.6.03	Rigid section on round duct
37.6.04	Joints on spiral duct
38.1.01	Elbows and bends
38.1.02	Transitions and reducers
38.1.03	Branches, tees and take-offs
38.1.04	Dampers: fire, volume and access requirements
38.1.05	Access doors and panels: never insulate them shut
38.1.06	Flexible connections at plant
38.1.07	Duct-mounted sensors, probes and test points
38.2.01	Where the vapor barrier sits on a duct
38.2.02	Sealing facing joints and overlaps
38.2.03	Sealing at pins and washers
38.2.04	Terminating at flanges, hangers and penetrations
38.2.05	Why a single unsealed pinhole matters on a cold duct
38.3.01	When ductwork needs metal jacketing
38.3.02	Sheet metal on rectangular duct
38.3.03	PVC and other finishes
38.3.04	Plant room and external duct finish
38.3.05	Finishing at duct penetrations through walls and floors
38.4.01	Compressed insulation at corners and under banding
38.4.02	Gaps at joints and fittings
38.4.03	Facing torn during installation
38.4.04	Sagging on the underside of wide ducts
38.4.05	Condensation appearing after handover
38.4.06	Access panels covered over
39.1.01	Dew point in plain terms
39.1.02	Humidity in Japanese buildings through the year
39.1.03	Surface temperature and why it matters more than air temperature
39.1.04	Where condensation forms first on a real installation
39.2.01	Chilled water pipework
39.2.02	Refrigerant pipework
39.2.03	Cold-water supply and drainage in warm spaces
39.2.04	Air conditioning supply ducts
39.2.05	Refrigeration and cold-storage plant
39.3.01	Thickness selection for condensation control
39.3.02	Continuity: why a break defeats the whole system
39.3.03	The vapor barrier and which side it goes on
39.3.04	Sealing at supports, hangers and penetrations
39.3.05	Valves, flanges and fittings on cold lines
39.4.01	Diagnosing condensation after handover
39.4.02	Dripping in a ceiling void and the damage it causes
39.4.03	Corrosion under insulation on cold systems
39.4.04	Repair versus replacement
39.4.05	What to tell a supervisor and when
40.1.01	What an air handling unit does
40.1.02	Insulating an AHU casing
40.1.03	Supply and return connections at the unit
40.1.04	Access panels and filter sections
40.1.05	Condensate trays and drain lines
40.2.01	What a chiller does and which surfaces run cold
40.2.02	Chilled water headers and manifolds
40.2.03	Refrigeration and cold-storage plant
40.2.04	Cold-store panel interfaces
40.2.05	Suction lines and where condensation forms first
40.3.01	Boilers and boiler room pipework
40.3.02	Calorifiers and hot water storage vessels
40.3.03	Heat exchangers
40.3.04	Flues and where insulation stops
40.3.05	Surface temperature limits for touchable plant
40.4.01	Insulating around a pump without blocking maintenance
40.4.02	Removable covers for valves and strainers
40.4.03	Tanks and vessels: flat and curved surfaces together
40.4.04	Expansion vessels and small plant items
40.4.05	Nameplates, gauges and access that must stay visible
40.5.01	Fan coil units
40.5.02	Ductwork connections at terminal units
40.5.03	Working in a ceiling void around a live unit
40.5.04	What is insulated by others and what is yours
41.1.01	Reading a services drawing in a building
41.1.02	Pipe marking, colour coding and labels
41.1.03	Asking which system a pipe belongs to before you touch it
41.1.04	Hot, cold and ambient: telling them apart safely
41.2.01	Chilled water flow and return
41.2.02	Why chilled water is the most condensation-prone system in a building
41.2.03	Refrigerant pipework and its differences
41.2.04	Small-bore copper and how it behaves
41.2.05	Insulation continuity through valves and fittings on cold lines
41.3.01	Low temperature hot water heating
41.3.02	Heating flow and return in a building
41.3.03	Steam and condensate where present
41.3.04	Underfloor and radiator circuits
41.4.01	Cold water supply and condensation risk in warm spaces
41.4.02	Hot water supply and heat loss
41.4.03	Secondary circulation
41.4.04	Freeze protection and trace heating interfaces
41.5.01	Why drainage gets insulated at all
41.5.02	Condensation on cold waste pipe
41.5.03	Acoustic treatment on soil stacks
41.5.04	Rainwater pipework inside a building
41.6.01	Vertical risers and working in a riser cupboard
41.6.02	Horizontal distribution in a ceiling void
41.6.03	Fire stopping at floor and wall penetrations, and who does it
41.6.04	Supports and anchors in a riser
42.1.01	Plant and factory work compared with building services
42.1.02	Scale, temperature range and material differences
42.1.03	Why specifications are stricter and inspection heavier
42.1.04	Permit to work systems
42.2.01	Temperature ranges you do not meet in buildings
42.2.02	Multi-layer insulation and staggered joints
42.2.03	Expansion and movement at high temperature
42.2.04	Personnel protection versus heat conservation
42.3.01	Live plant and process hazards
42.3.02	Confined space entry in an industrial setting
42.3.03	Hot work and ignition sources
42.3.04	Asbestos in older industrial plant
42.4.01	Method statements and inspection test plans
42.4.02	Why industrial work is documented far more heavily
42.4.03	Handover documentation packs
